
Microsoft Visual Studio Solution File, Format Version 12.00
# Visual Studio Version 17
VisualStudioVersion = 17.5.002.0
MinimumVisualStudioVersion = 10.0.40219.1
Project("{9A19103F-16F7-4668-BE54-9A1E7A4F7556}") = "uoc_chung_lon_nhat", "uoc_chung_lon_nhat.csproj", "{22713391-8925-4552-958C-2F51B9001088}"
EndProject
Global
	GlobalSection(SolutionConfigurationPlatforms) = preSolution
		Debug|Any CPU = Debug|Any CPU
		Release|Any CPU = Release|Any CPU
	EndGlobalSection
	GlobalSection(ProjectConfigurationPlatforms) = postSolution
		{22713391-8925-4552-958C-2F51B9001088}.Debug|Any CPU.ActiveCfg = Debug|Any CPU
		{22713391-8925-4552-958C-2F51B9001088}.Debug|Any CPU.Build.0 = Debug|Any CPU
		{22713391-8925-4552-958C-2F51B9001088}.Release|Any CPU.ActiveCfg = Release|Any CPU
		{22713391-8925-4552-958C-2F51B9001088}.Release|Any CPU.Build.0 = Release|Any CPU
	EndGlobalSection
	GlobalSection(SolutionProperties) = preSolution
		HideSolutionNode = FALSE
	EndGlobalSection
	GlobalSection(ExtensibilityGlobals) = postSolution
		SolutionGuid = {B4F7882C-6A61-40A1-860C-F7FE6AF353EA}
	EndGlobalSection
EndGlobal
